{
  "name": "decentral_perk",
  "version": "0.1.0",
  "lockfileVersion": 1,
  "requires": true,
  "dependencies": {
    "chota": {
      "version": "0.8.0",
      "resolved": "https://registry.npmjs.org/chota/-/chota-0.8.0.tgz",
      "integrity": "sha512-6Y6MrULPNVup+9i+bFF5mXvifw4/N0AqcTO6VkhRcmRqY0XD2/EKq2kD8y7dX/PJnDq9ruHl2NURlPtGkMSNsg==",
      "dev": true
    },
    "svelte-chota": {
      "version": "1.8.6",
      "resolved": "https://registry.npmjs.org/svelte-chota/-/svelte-chota-1.8.6.tgz",
      "integrity": "sha512-lMqvDMcI2Ozyku7QKnn1nN4NuEZy6XF+qMQssLADWX63u78xN8jidQ8QuJpPrSA6JXnC3n4Qu6uRBDS83ZHY8A==",
      "dev": true
    }
  }
}
